
Microsoft Visual Studio Solution File, Format Version 12.00
# Visual Studio 15
VisualStudioVersion = 15.0.27130.2024
MinimumVisualStudioVersion = 10.0.40219.1
Project("{9A19103F-16F7-4668-BE54-9A1E7A4F7556}") = "BikeRentalASP", "BikeRentalASP\BikeRentalASP.csproj", "{88F61867-409D-4B62-91F8-0ACF7C647E0F}"
EndProject
Project("{FAE04EC0-301F-11D3-BF4B-00C04F79EFBC}") = "BikeRentalTest", "BikeRentalTest\BikeRentalTest.csproj", "{3526AE16-A9D8-4F74-A5BC-F0DB06939FF8}"
EndProject
Global
	GlobalSection(SolutionConfigurationPlatforms) = preSolution
		Debug|Any CPU = Debug|Any CPU
		Release|Any CPU = Release|Any CPU
	EndGlobalSection
	GlobalSection(ProjectConfigurationPlatforms) = postSolution
		{88F61867-409D-4B62-91F8-0ACF7C647E0F}.Debug|Any CPU.ActiveCfg = Debug|Any CPU
		{88F61867-409D-4B62-91F8-0ACF7C647E0F}.Debug|Any CPU.Build.0 = Debug|Any CPU
		{88F61867-409D-4B62-91F8-0ACF7C647E0F}.Release|Any CPU.ActiveCfg = Release|Any CPU
		{88F61867-409D-4B62-91F8-0ACF7C647E0F}.Release|Any CPU.Build.0 = Release|Any CPU
		{3526AE16-A9D8-4F74-A5BC-F0DB06939FF8}.Debug|Any CPU.ActiveCfg = Debug|Any CPU
		{3526AE16-A9D8-4F74-A5BC-F0DB06939FF8}.Debug|Any CPU.Build.0 = Debug|Any CPU
		{3526AE16-A9D8-4F74-A5BC-F0DB06939FF8}.Release|Any CPU.ActiveCfg = Release|Any CPU
		{3526AE16-A9D8-4F74-A5BC-F0DB06939FF8}.Release|Any CPU.Build.0 = Release|Any CPU
	EndGlobalSection
	GlobalSection(SolutionProperties) = preSolution
		HideSolutionNode = FALSE
	EndGlobalSection
	GlobalSection(ExtensibilityGlobals) = postSolution
		SolutionGuid = {01D68CF1-F206-49E0-87FF-78E4C0136ADC}
	EndGlobalSection
EndGlobal
